
Microsoft Visual Studio Solution File, Format Version 12.00
# Visual Studio 15
VisualStudioVersion = 15.0.28307.136
MinimumVisualStudioVersion = 10.0.40219.1
Project("{FAE04EC0-301F-11D3-BF4B-00C04F79EFBC}") = "StoreApp.Data", "StoreApp.Data\StoreApp.Data.csproj", "{7D0CF4D6-722D-4B82-A1DE-F7BDFE2C214F}"
EndProject
Project("{FAE04EC0-301F-11D3-BF4B-00C04F79EFBC}") = "StoreApp.Service", "StoreApp.Service\StoreApp.Service.csproj", "{B93C45FA-2EB4-4BE0-BD1E-F9D0E5D82748}"
EndProject
Project("{FAE04EC0-301F-11D3-BF4B-00C04F79EFBC}") = "StoreApp.WebUI", "StoreApp.WebUI\StoreApp.WebUI.csproj", "{C371D768-E8F3-400D-B435-C7FF191EC392}"
EndProject
Project("{FAE04EC0-301F-11D3-BF4B-00C04F79EFBC}") = "StoreApp.Entity", "StoreApp.Entity\StoreApp.Entity.csproj", "{F7020F61-A2DD-4796-9550-29B86FDD3C7D}"
EndProject
Global
	GlobalSection(SolutionConfigurationPlatforms) = preSolution
		Debug|Any CPU = Debug|Any CPU
		Release|Any CPU = Release|Any CPU
	EndGlobalSection
	GlobalSection(ProjectConfigurationPlatforms) = postSolution
		{7D0CF4D6-722D-4B82-A1DE-F7BDFE2C214F}.Debug|Any CPU.ActiveCfg = Debug|Any CPU
		{7D0CF4D6-722D-4B82-A1DE-F7BDFE2C214F}.Debug|Any CPU.Build.0 = Debug|Any CPU
		{7D0CF4D6-722D-4B82-A1DE-F7BDFE2C214F}.Release|Any CPU.ActiveCfg = Release|Any CPU
		{7D0CF4D6-722D-4B82-A1DE-F7BDFE2C214F}.Release|Any CPU.Build.0 = Release|Any CPU
		{B93C45FA-2EB4-4BE0-BD1E-F9D0E5D82748}.Debug|Any CPU.ActiveCfg = Debug|Any CPU
		{B93C45FA-2EB4-4BE0-BD1E-F9D0E5D82748}.Debug|Any CPU.Build.0 = Debug|Any CPU
		{B93C45FA-2EB4-4BE0-BD1E-F9D0E5D82748}.Release|Any CPU.ActiveCfg = Release|Any CPU
		{B93C45FA-2EB4-4BE0-BD1E-F9D0E5D82748}.Release|Any CPU.Build.0 = Release|Any CPU
		{C371D768-E8F3-400D-B435-C7FF191EC392}.Debug|Any CPU.ActiveCfg = Debug|Any CPU
		{C371D768-E8F3-400D-B435-C7FF191EC392}.Debug|Any CPU.Build.0 = Debug|Any CPU
		{C371D768-E8F3-400D-B435-C7FF191EC392}.Release|Any CPU.ActiveCfg = Release|Any CPU
		{C371D768-E8F3-400D-B435-C7FF191EC392}.Release|Any CPU.Build.0 = Release|Any CPU
		{F7020F61-A2DD-4796-9550-29B86FDD3C7D}.Debug|Any CPU.ActiveCfg = Debug|Any CPU
		{F7020F61-A2DD-4796-9550-29B86FDD3C7D}.Debug|Any CPU.Build.0 = Debug|Any CPU
		{F7020F61-A2DD-4796-9550-29B86FDD3C7D}.Release|Any CPU.ActiveCfg = Release|Any CPU
		{F7020F61-A2DD-4796-9550-29B86FDD3C7D}.Release|Any CPU.Build.0 = Release|Any CPU
	EndGlobalSection
	GlobalSection(SolutionProperties) = preSolution
		HideSolutionNode = FALSE
	EndGlobalSection
	GlobalSection(ExtensibilityGlobals) = postSolution
		SolutionGuid = {0F9BC818-540F-4DDA-A0E5-E4AB4B395078}
	EndGlobalSection
EndGlobal
